{
  "meteor": {},
  "dependencies": {
    "basePackages": {
      "moment": {},
      "font-awesome": {},
      "rickshaw": {
        "git": "https://github.com/estk/meteor-rickshaw",
        "branch": "master"
      }
    },
    "packages": {
      "moment": {
        "git": "https://github.com/possibilities/meteor-moment.git",
        "tag": "v1.7.0",
        "commit": "c64b6ec0e714b9556f4b6643d430b868ba69d3d7"
      },
      "font-awesome": {
        "git": "https://github.com/nate-strauser/meteor-font-awesome.git",
        "tag": "v3.2.0",
        "commit": "2cba6f907a2579cae2d399b522f9544c13d5e091"
      },
      "rickshaw": {
        "git": "https://github.com/estk/meteor-rickshaw",
        "branch": "master",
        "commit": "e28006b1d51ff411186dcae48b60ad7720a8e562"
      },
      "d3": {
        "git": "https://github.com/estk/meteor-d3",
        "branch": "master",
        "commit": "064003c82fbc76f2e82d77583c2e6800cd15a32f"
      }
    }
  }
}
